
Microsoft Visual Studio Solution File, Format Version 12.00
# Visual Studio Version 17
VisualStudioVersion = 17.5.33424.131
MinimumVisualStudioVersion = 10.0.40219.1
Project("{9A19103F-16F7-4668-BE54-9A1E7A4F7556}") = "Settings", "Settings\Settings.csproj", "{96EF8F4A-F267-49A6-AC97-B603C03B3B66}"
EndProject
Project("{FAE04EC0-301F-11D3-BF4B-00C04F79EFBC}") = "Settings.Demo", "Settings.Demo\Settings.Demo.csproj", "{1DE58033-EA4C-4EA3-90BA-705373F0589B}"
EndProject
Global
	GlobalSection(SolutionConfigurationPlatforms) = preSolution
		Debug|Any CPU = Debug|Any CPU
		Debug|x64 = Debug|x64
		Release|Any CPU = Release|Any CPU
		Release|x64 = Release|x64
	EndGlobalSection
	GlobalSection(ProjectConfigurationPlatforms) = postSolution
		{96EF8F4A-F267-49A6-AC97-B603C03B3B66}.Debug|Any CPU.ActiveCfg = Debug|x64
		{96EF8F4A-F267-49A6-AC97-B603C03B3B66}.Debug|Any CPU.Build.0 = Debug|x64
		{96EF8F4A-F267-49A6-AC97-B603C03B3B66}.Debug|x64.ActiveCfg = Debug|x64
		{96EF8F4A-F267-49A6-AC97-B603C03B3B66}.Debug|x64.Build.0 = Debug|x64
		{96EF8F4A-F267-49A6-AC97-B603C03B3B66}.Release|Any CPU.ActiveCfg = Release|x64
		{96EF8F4A-F267-49A6-AC97-B603C03B3B66}.Release|Any CPU.Build.0 = Release|x64
		{96EF8F4A-F267-49A6-AC97-B603C03B3B66}.Release|x64.ActiveCfg = Release|x64
		{96EF8F4A-F267-49A6-AC97-B603C03B3B66}.Release|x64.Build.0 = Release|x64
		{1DE58033-EA4C-4EA3-90BA-705373F0589B}.Debug|Any CPU.ActiveCfg = Debug|Any CPU
		{1DE58033-EA4C-4EA3-90BA-705373F0589B}.Debug|Any CPU.Build.0 = Debug|Any CPU
		{1DE58033-EA4C-4EA3-90BA-705373F0589B}.Debug|x64.ActiveCfg = Debug|Any CPU
		{1DE58033-EA4C-4EA3-90BA-705373F0589B}.Debug|x64.Build.0 = Debug|Any CPU
		{1DE58033-EA4C-4EA3-90BA-705373F0589B}.Release|Any CPU.ActiveCfg = Release|Any CPU
		{1DE58033-EA4C-4EA3-90BA-705373F0589B}.Release|Any CPU.Build.0 = Release|Any CPU
		{1DE58033-EA4C-4EA3-90BA-705373F0589B}.Release|x64.ActiveCfg = Release|Any CPU
		{1DE58033-EA4C-4EA3-90BA-705373F0589B}.Release|x64.Build.0 = Release|Any CPU
	EndGlobalSection
	GlobalSection(SolutionProperties) = preSolution
		HideSolutionNode = FALSE
	EndGlobalSection
	GlobalSection(ExtensibilityGlobals) = postSolution
		SolutionGuid = {24C1D3F3-EA41-4208-9337-0804D5275D92}
	EndGlobalSection
EndGlobal
